("quicklisp" .
 (:class qlot.source.ql:source-ql-all
  :initargs (:project-name "quicklisp" :%version :latest)
  :version "2018-03-28"))
("clack" .
 (:class qlot.source.git:source-git
  :initargs (:project-name "clack" :remote-url "https://github.com/fukamachi/clack.git")
  :version "git-5e2f5ef08d69cc9e958b24092a1db47b29e55aff"
  :remote-url "https://github.com/fukamachi/clack.git"
  :ref "5e2f5ef08d69cc9e958b24092a1db47b29e55aff"))
("jsonrpc" .
 (:class qlot.source.git:source-git
  :initargs (:project-name "jsonrpc" :remote-url "https://github.com/fukamachi/jsonrpc.git")
  :version "git-135ea73e14b74d2c84b0b55b876d19c8edce9050"
  :remote-url "https://github.com/fukamachi/jsonrpc.git"
  :ref "135ea73e14b74d2c84b0b55b876d19c8edce9050"))
("rove" .
 (:class qlot.source.ql:source-ql
  :initargs (:project-name "rove" :%version :latest)
  :version "ql-2018-03-28"))
("yason" .
 (:class qlot.source.ql:source-ql
  :initargs (:project-name "yason" :%version :latest)
  :version "ql-2018-03-28"))
("ironclad" .
 (:class qlot.source.ql:source-ql
  :initargs (:project-name "ironclad" :%version :latest)
  :version "ql-2018-03-28"))
("cl-syntax" .
 (:class qlot.source.ql:source-ql
  :initargs (:project-name "cl-syntax" :%version :latest)
  :version "ql-2018-03-28"))
("cl-ppcre" .
 (:class qlot.source.ql:source-ql
  :initargs (:project-name "cl-ppcre" :%version :latest)
  :version "ql-2018-03-28"))
("alexandria" .
 (:class qlot.source.ql:source-ql
  :initargs (:project-name "alexandria" :%version :latest)
  :version "ql-2018-04-30"))
